// !$*UTF8*$!
{
	archiveVersion = 1;
	classes = {
	};
	objectVersion = 46;
	objects = {

/* Begin PBXBuildFile section */
		144F2F211F19A2D80035072A /* main.m in Sources */ = {isa = PBXBuildFile; fileRef = 144F2F201F19A2D80035072A /* main.m */; };
		144F2F241F19A2D80035072A /* AppDelegate.m in Sources */ = {isa = PBXBuildFile; fileRef = 144F2F231F19A2D80035072A /* AppDelegate.m */; };
		144F2F271F19A2D80035072A /* ViewController.m in Sources */ = {isa = PBXBuildFile; fileRef = 144F2F261F19A2D80035072A /* ViewController.m */; };
		144F2F2A1F19A2D80035072A /* Main.storyboard in Resources */ = {isa = PBXBuildFile; fileRef = 144F2F281F19A2D80035072A /* Main.storyboard */; };
		144F2F2C1F19A2D80035072A /* Assets.xcassets in Resources */ = {isa = PBXBuildFile; fileRef = 144F2F2B1F19A2D80035072A /* Assets.xcassets */; };
		144F2F2F1F19A2D80035072A /* LaunchScreen.storyboard in Resources */ = {isa = PBXBuildFile; fileRef = 144F2F2D1F19A2D80035072A /* LaunchScreen.storyboard */; };
/* End PBXBuildFile section */

/* Begin PBXFileReference section */
		144F2F1C1F19A2D80035072A /* UIViewControll.app */ = {isa = PBXFileReference; explicitFileType = wrapper.application; includeInIndex = 0; path = UIViewControll.app; sourceTree = BUILT_PRODUCTS_DIR; };
		144F2F201F19A2D80035072A /* main.m */ = {isa = PBXFileReference; lastKnownFileType = sourcecode.c.objc; path = main.m; sourceTree = "<group>"; };
		144F2F221F19A2D80035072A /* AppDelegate.h */ = {isa = PBXFileReference; lastKnownFileType = sourcecode.c.h; path = AppDelegate.h; sourceTree = "<group>"; };
		144F2F231F19A2D80035072A /* AppDelegate.m */ = {isa = PBXFileReference; lastKnownFileType = sourcecode.c.objc; path = AppDelegate.m; sourceTree = "<group>"; };
		144F2F251F19A2D80035072A /* ViewController.h */ = {isa = PBXFileReference; lastKnownFileType = sourcecode.c.h; path = ViewController.h; sourceTree = "<group>"; };
		144F2F261F19A2D80035072A /* ViewController.m */ = {isa = PBXFileReference; lastKnownFileType = sourcecode.c.objc; path = ViewController.m; sourceTree = "<group>"; };
		144F2F291F19A2D80035072A /* Base */ = {isa = PBXFileReference; lastKnownFileType = file.storyboard; name = Base; path = Base.lproj/Main.storyboard; sourceTree = "<group>"; };
		144F2F2B1F19A2D80035072A /* Assets.xcassets */ = {isa = PBXFileReference; lastKnownFileType = folder.assetcatalog; path = Assets.xcassets; sourceTree = "<group>"; };
		144F2F2E1F19A2D80035072A /* Base */ = {isa = PBXFileReference; lastKnownFileType = file.storyboard; name = Base; path = Base.lproj/LaunchScreen.storyboard; sourceTree = "<group>"; };
		144F2F301F19A2D80035072A /* Info.plist */ = {isa = PBXFileReference; lastKnownFileType = text.plist.xml; path = Info.plist; sourceTree = "<group>"; };
/* End PBXFileReference section */

/* Begin PBXFrameworksBuildPhase section */
		144F2F191F19A2D80035072A /* Frameworks */ = {
			isa = PBXFrameworksBuildPhase;
			buildActionMask = 2147483647;
			files = (
			);
			runOnlyForDeploymentPostprocessing = 0;
		};
/* End PBXFrameworksBuildPhase section */

/* Begin PBXGroup section */
		144F2F131F19A2D80035072A = {
			isa = PBXGroup;
			children = (
				144F2F1E1F19A2D80035072A /* UIViewControll */,
				144F2F1D1F19A2D80035072A /* Products */,
			);
			sourceTree = "<group>";
		};
		144F2F1D1F19A2D80035072A /* Products */ = {
			isa = PBXGroup;
			children = (
				144F2F1C1F19A2D80035072A /* UIViewControll.app */,
			);
			name = Products;
			sourceTree = "<group>";
		};
		144F2F1E1F19A2D80035072A /* UIViewControll */ = {
			isa = PBXGroup;
			children = (
				144F2F221F19A2D80035072A /* AppDelegate.h */,
				144F2F231F19A2D80035072A /* AppDelegate.m */,
				144F2F251F19A2D80035072A /* ViewController.h */,
				144F2F261F19A2D80035072A /* ViewController.m */,
				144F2F281F19A2D80035072A /* Main.storyboard */,
				144F2F2B1F19A2D80035072A /* Assets.xcassets */,
				144F2F2D1F19A2D80035072A /* LaunchScreen.storyboard */,
				144F2F301F19A2D80035072A /* Info.plist */,
				144F2F1F1F19A2D80035072A /* Supporting Files */,
			);
			path = UIViewControll;
			sourceTree = "<group>";
		};
		144F2F1F1F19A2D80035072A /* Supporting Files */ = {
			isa = PBXGroup;
			children = (
				144F2F201F19A2D80035072A /* main.m */,
			);
			name = "Supporting Files";
			sourceTree = "<group>";
		};
/* End PBXGroup section */

/* Begin PBXNativeTarget section */
		144F2F1B1F19A2D80035072A /* UIViewControll */ = {
			isa = PBXNativeTarget;
			buildConfigurationList = 144F2F331F19A2D80035072A /* Build configuration list for PBXNativeTarget "UIViewControll" */;
			buildPhases = (
				144F2F181F19A2D80035072A /* Sources */,
				144F2F191F19A2D80035072A /* Frameworks */,
				144F2F1A1F19A2D80035072A /* Resources */,
			);
			buildRules = (
			);
			dependencies = (
			);
			name = UIViewControll;
			productName = UIViewControll;
			productReference = 144F2F1C1F19A2D80035072A /* UIViewControll.app */;
			productType = "com.apple.product-type.application";
		};
/* End PBXNativeTarget section */

/* Begin PBXProject section */
		144F2F141F19A2D80035072A /* Project object */ = {
			isa = PBXProject;
			attributes = {
				LastUpgradeCheck = 0830;
				ORGANIZATIONNAME = joel_1;
				TargetAttributes = {
					144F2F1B1F19A2D80035072A = {
						CreatedOnToolsVersion = 8.3.3;
						ProvisioningStyle = Automatic;
					};
				};
			};
			buildConfigurationList = 144F2F171F19A2D80035072A /* Build configuration list for PBXProject "UIViewControll" */;
			compatibilityVersion = "Xcode 3.2";
			developmentRegion = English;
			hasScannedForEncodings = 0;
			knownRegions = (
				en,
				Base,
			);
			mainGroup = 144F2F131F19A2D80035072A;
			productRefGroup = 144F2F1D1F19A2D80035072A /* Products */;
			projectDirPath = "";
			projectRoot = "";
			targets = (
				144F2F1B1F19A2D80035072A /* UIViewControll */,
			);
		};
/* End PBXProject section */

/* Begin PBXResourcesBuildPhase section */
		144F2F1A1F19A2D80035072A /* Resources */ = {
			isa = PBXResourcesBuildPhase;
			buildActionMask = 2147483647;
			files = (
				144F2F2F1F19A2D80035072A /* LaunchScreen.storyboard in Resources */,
				144F2F2C1F19A2D80035072A /* Assets.xcassets in Resources */,
				144F2F2A1F19A2D80035072A /* Main.storyboard in Resources */,
			);
			runOnlyForDeploymentPostprocessing = 0;
		};
/* End PBXResourcesBuildPhase section */

/* Begin PBXSourcesBuildPhase section */
		144F2F181F19A2D80035072A /* Sources */ = {
			isa = PBXSourcesBuildPhase;
			buildActionMask = 2147483647;
			files = (
				144F2F271F19A2D80035072A /* ViewController.m in Sources */,
				144F2F241F19A2D80035072A /* AppDelegate.m in Sources */,
				144F2F211F19A2D80035072A /* main.m in Sources */,
			);
			runOnlyForDeploymentPostprocessing = 0;
		};
/* End PBXSourcesBuildPhase section */

/* Begin PBXVariantGroup section */
		144F2F281F19A2D80035072A /* Main.storyboard */ = {
			isa = PBXVariantGroup;
			children = (
				144F2F291F19A2D80035072A /* Base */,
			);
			name = Main.storyboard;
			sourceTree = "<group>";
		};
		144F2F2D1F19A2D80035072A /* LaunchScreen.storyboard */ = {
			isa = PBXVariantGroup;
			children = (
				144F2F2E1F19A2D80035072A /* Base */,
			);
			name = LaunchScreen.storyboard;
			sourceTree = "<group>";
		};
/* End PBXVariantGroup section */

/* Begin XCBuildConfiguration section */
		144F2F311F19A2D80035072A /* Debug */ = {
			isa = XCBuildConfiguration;
			buildSettings = {
				ALWAYS_SEARCH_USER_PATHS = NO;
				CLANG_ANALYZER_NONNULL = YES;
				CLANG_ANALYZER_NUMBER_OBJECT_CONVERSION = YES_AGGRESSIVE;
				CLANG_CXX_LANGUAGE_STANDARD = "gnu++0x";
				CLANG_CXX_LIBRARY = "libc++";
				CLANG_ENABLE_MODULES = YES;
				CLANG_ENABLE_OBJC_ARC = YES;
				CLANG_WARN_BOOL_CONVERSION = YES;
				CLANG_WARN_CONSTANT_CONVERSION = YES;
				CLANG_WARN_DIRECT_OBJC_ISA_USAGE = YES_ERROR;
				CLANG_WARN_DOCUMENTATION_COMMENTS = YES;
				CLANG_WARN_EMPTY_BODY = YES;
				CLANG_WARN_ENUM_CONVERSION = YES;
				CLANG_WARN_INFINITE_RECURSION = YES;
				CLANG_WARN_INT_CONVERSION = YES;
				CLANG_WARN_OBJC_ROOT_CLASS = YES_ERROR;
				CLANG_WARN_SUSPICIOUS_MOVE = YES;
				CLANG_WARN_UNREACHABLE_CODE = YES;
				CLANG_WARN__DUPLICATE_METHOD_MATCH = YES;
				"CODE_SIGN_IDENTITY[sdk=iphoneos*]" = "iPhone Developer";
				COPY_PHASE_STRIP = NO;
				DEBUG_INFORMATION_FORMAT = dwarf;
				ENABLE_STRICT_OBJC_MSGSEND = YES;
				ENABLE_TESTABILITY = YES;
				GCC_C_LANGUAGE_STANDARD = gnu99;
				GCC_DYNAMIC_NO_PIC = NO;
				GCC_NO_COMMON_BLOCKS = YES;
				GCC_OPTIMIZATION_LEVEL = 0;
				GCC_PREPROCESSOR_DEFINITIONS = (
					"DEBUG=1",
					"$(inherited)",
				);
				GCC_WARN_64_TO_32_BIT_CONVERSION = YES;
				GCC_WARN_ABOUT_RETURN_TYPE = YES_ERROR;
				GCC_WARN_UNDECLARED_SELECTOR = YES;
				GCC_WARN_UNINITIALIZED_AUTOS = YES_AGGRESSIVE;
				GCC_WARN_UNUSED_FUNCTION = YES;
				GCC_WARN_UNUSED_VARIABLE = YES;
				IPHONEOS_DEPLOYMENT_TARGET = 10.3;
				MTL_ENABLE_DEBUG_INFO = YES;
				ONLY_ACTIVE_ARCH = YES;
				SDKROOT = iphoneos;
			};
			name = Debug;
		};
		144F2F321F19A2D80035072A /* Release */ = {
			isa = XCBuildConfiguration;
			buildSettings = {
				ALWAYS_SEARCH_USER_PATHS = NO;
				CLANG_ANALYZER_NONNULL = YES;
				CLANG_ANALYZER_NUMBER_OBJECT_CONVERSION = YES_AGGRESSIVE;
				CLANG_CXX_LANGUAGE_STANDARD = "gnu++0x";
				CLANG_CXX_LIBRARY = "libc++";
				CLANG_ENABLE_MODULES = YES;
				CLANG_ENABLE_OBJC_ARC = YES;
				CLANG_WARN_BOOL_CONVERSION = YES;
				CLANG_WARN_CONSTANT_CONVERSION = YES;
				CLANG_WARN_DIRECT_OBJC_ISA_USAGE = YES_ERROR;
				CLANG_WARN_DOCUMENTATION_COMMENTS = YES;
				CLANG_WARN_EMPTY_BODY = YES;
				CLANG_WARN_ENUM_CONVERSION = YES;
				CLANG_WARN_INFINITE_RECURSION = YES;
				CLANG_WARN_INT_CONVERSION = YES;
				CLANG_WARN_OBJC_ROOT_CLASS = YES_ERROR;
				CLANG_WARN_SUSPICIOUS_MOVE = YES;
				CLANG_WARN_UNREACHABLE_CODE = YES;
				CLANG_WARN__DUPLICATE_METHOD_MATCH = YES;
				"CODE_SIGN_IDENTITY[sdk=iphoneos*]" = "iPhone Developer";
				COPY_PHASE_STRIP = NO;
				DEBUG_INFORMATION_FORMAT = "dwarf-with-dsym";
				ENABLE_NS_ASSERTIONS = NO;
				ENABLE_STRICT_OBJC_MSGSEND = YES;
				GCC_C_LANGUAGE_STANDARD = gnu99;
				GCC_NO_COMMON_BLOCKS = YES;
				GCC_WARN_64_TO_32_BIT_CONVERSION = YES;
				GCC_WARN_ABOUT_RETURN_TYPE = YES_ERROR;
				GCC_WARN_UNDECLARED_SELECTOR = YES;
				GCC_WARN_UNINITIALIZED_AUTOS = YES_AGGRESSIVE;
				GCC_WARN_UNUSED_FUNCTION = YES;
				GCC_WARN_UNUSED_VARIABLE = YES;
				IPHONEOS_DEPLOYMENT_TARGET = 10.3;
				MTL_ENABLE_DEBUG_INFO = NO;
				SDKROOT = iphoneos;
				VALIDATE_PRODUCT = YES;
			};
			name = Release;
		};
		144F2F341F19A2D80035072A /* Debug */ = {
			isa = XCBuildConfiguration;
			buildSettings = {
				ASSETCATALOG_COMPILER_APPICON_NAME = AppIcon;
				INFOPLIST_FILE = UIViewControll/Info.plist;
				LD_RUNPATH_SEARCH_PATHS = "$(inherited) @executable_path/Frameworks";
				PRODUCT_BUNDLE_IDENTIFIER = joel.UIViewControll;
				PRODUCT_NAME = "$(TARGET_NAME)";
			};
			name = Debug;
		};
		144F2F351F19A2D80035072A /* Release */ = {
			isa = XCBuildConfiguration;
			buildSettings = {
				ASSETCATALOG_COMPILER_APPICON_NAME = AppIcon;
				INFOPLIST_FILE = UIViewControll/Info.plist;
				LD_RUNPATH_SEARCH_PATHS = "$(inherited) @executable_path/Frameworks";
				PRODUCT_BUNDLE_IDENTIFIER = joel.UIViewControll;
				PRODUCT_NAME = "$(TARGET_NAME)";
			};
			name = Release;
		};
/* End XCBuildConfiguration section */

/* Begin XCConfigurationList section */
		144F2F171F19A2D80035072A /* Build configuration list for PBXProject "UIViewControll" */ = {
			isa = XCConfigurationList;
			buildConfigurations = (
				144F2F311F19A2D80035072A /* Debug */,
				144F2F321F19A2D80035072A /* Release */,
			);
			defaultConfigurationIsVisible = 0;
			defaultConfigurationName = Release;
		};
		144F2F331F19A2D80035072A /* Build configuration list for PBXNativeTarget "UIViewControll" */ = {
			isa = XCConfigurationList;
			buildConfigurations = (
				144F2F341F19A2D80035072A /* Debug */,
				144F2F351F19A2D80035072A /* Release */,
			);
			defaultConfigurationIsVisible = 0;
		};
/* End XCConfigurationList section */
	};
	rootObject = 144F2F141F19A2D80035072A /* Project object */;
}
