// !$*UTF8*$!
{
	archiveVersion = 1;
	classes = {
	};
	objectVersion = 46;
	objects = {

/* Begin PBXBuildFile section */
		14A7A5AE1F1A5198009CE0FE /* main.m in Sources */ = {isa = PBXBuildFile; fileRef = 14A7A5AD1F1A5198009CE0FE /* main.m */; };
		14A7A5B11F1A5198009CE0FE /* AppDelegate.m in Sources */ = {isa = PBXBuildFile; fileRef = 14A7A5B01F1A5198009CE0FE /* AppDelegate.m */; };
		14A7A5B41F1A5198009CE0FE /* ViewController.m in Sources */ = {isa = PBXBuildFile; fileRef = 14A7A5B31F1A5198009CE0FE /* ViewController.m */; };
		14A7A5B71F1A5198009CE0FE /* Main.storyboard in Resources */ = {isa = PBXBuildFile; fileRef = 14A7A5B51F1A5198009CE0FE /* Main.storyboard */; };
		14A7A5B91F1A5198009CE0FE /* Assets.xcassets in Resources */ = {isa = PBXBuildFile; fileRef = 14A7A5B81F1A5198009CE0FE /* Assets.xcassets */; };
		14A7A5BC1F1A5198009CE0FE /* LaunchScreen.storyboard in Resources */ = {isa = PBXBuildFile; fileRef = 14A7A5BA1F1A5198009CE0FE /* LaunchScreen.storyboard */; };
/* End PBXBuildFile section */

/* Begin PBXFileReference section */
		14A7A5A91F1A5198009CE0FE /* login.app */ = {isa = PBXFileReference; explicitFileType = wrapper.application; includeInIndex = 0; path = login.app; sourceTree = BUILT_PRODUCTS_DIR; };
		14A7A5AD1F1A5198009CE0FE /* main.m */ = {isa = PBXFileReference; lastKnownFileType = sourcecode.c.objc; path = main.m; sourceTree = "<group>"; };
		14A7A5AF1F1A5198009CE0FE /* AppDelegate.h */ = {isa = PBXFileReference; lastKnownFileType = sourcecode.c.h; path = AppDelegate.h; sourceTree = "<group>"; };
		14A7A5B01F1A5198009CE0FE /* AppDelegate.m */ = {isa = PBXFileReference; lastKnownFileType = sourcecode.c.objc; path = AppDelegate.m; sourceTree = "<group>"; };
		14A7A5B21F1A5198009CE0FE /* ViewController.h */ = {isa = PBXFileReference; lastKnownFileType = sourcecode.c.h; path = ViewController.h; sourceTree = "<group>"; };
		14A7A5B31F1A5198009CE0FE /* ViewController.m */ = {isa = PBXFileReference; lastKnownFileType = sourcecode.c.objc; path = ViewController.m; sourceTree = "<group>"; };
		14A7A5B61F1A5198009CE0FE /* Base */ = {isa = PBXFileReference; lastKnownFileType = file.storyboard; name = Base; path = Base.lproj/Main.storyboard; sourceTree = "<group>"; };
		14A7A5B81F1A5198009CE0FE /* Assets.xcassets */ = {isa = PBXFileReference; lastKnownFileType = folder.assetcatalog; path = Assets.xcassets; sourceTree = "<group>"; };
		14A7A5BB1F1A5198009CE0FE /* Base */ = {isa = PBXFileReference; lastKnownFileType = file.storyboard; name = Base; path = Base.lproj/LaunchScreen.storyboard; sourceTree = "<group>"; };
		14A7A5BD1F1A5198009CE0FE /* Info.plist */ = {isa = PBXFileReference; lastKnownFileType = text.plist.xml; path = Info.plist; sourceTree = "<group>"; };
/* End PBXFileReference section */

/* Begin PBXFrameworksBuildPhase section */
		14A7A5A61F1A5198009CE0FE /* Frameworks */ = {
			isa = PBXFrameworksBuildPhase;
			buildActionMask = 2147483647;
			files = (
			);
			runOnlyForDeploymentPostprocessing = 0;
		};
/* End PBXFrameworksBuildPhase section */

/* Begin PBXGroup section */
		14A7A5A01F1A5198009CE0FE = {
			isa = PBXGroup;
			children = (
				14A7A5AB1F1A5198009CE0FE /* login */,
				14A7A5AA1F1A5198009CE0FE /* Products */,
			);
			sourceTree = "<group>";
		};
		14A7A5AA1F1A5198009CE0FE /* Products */ = {
			isa = PBXGroup;
			children = (
				14A7A5A91F1A5198009CE0FE /* login.app */,
			);
			name = Products;
			sourceTree = "<group>";
		};
		14A7A5AB1F1A5198009CE0FE /* login */ = {
			isa = PBXGroup;
			children = (
				14A7A5AF1F1A5198009CE0FE /* AppDelegate.h */,
				14A7A5B01F1A5198009CE0FE /* AppDelegate.m */,
				14A7A5B21F1A5198009CE0FE /* ViewController.h */,
				14A7A5B31F1A5198009CE0FE /* ViewController.m */,
				14A7A5B51F1A5198009CE0FE /* Main.storyboard */,
				14A7A5B81F1A5198009CE0FE /* Assets.xcassets */,
				14A7A5BA1F1A5198009CE0FE /* LaunchScreen.storyboard */,
				14A7A5BD1F1A5198009CE0FE /* Info.plist */,
				14A7A5AC1F1A5198009CE0FE /* Supporting Files */,
			);
			path = login;
			sourceTree = "<group>";
		};
		14A7A5AC1F1A5198009CE0FE /* Supporting Files */ = {
			isa = PBXGroup;
			children = (
				14A7A5AD1F1A5198009CE0FE /* main.m */,
			);
			name = "Supporting Files";
			sourceTree = "<group>";
		};
/* End PBXGroup section */

/* Begin PBXNativeTarget section */
		14A7A5A81F1A5198009CE0FE /* login */ = {
			isa = PBXNativeTarget;
			buildConfigurationList = 14A7A5C01F1A5198009CE0FE /* Build configuration list for PBXNativeTarget "login" */;
			buildPhases = (
				14A7A5A51F1A5198009CE0FE /* Sources */,
				14A7A5A61F1A5198009CE0FE /* Frameworks */,
				14A7A5A71F1A5198009CE0FE /* Resources */,
			);
			buildRules = (
			);
			dependencies = (
			);
			name = login;
			productName = login;
			productReference = 14A7A5A91F1A5198009CE0FE /* login.app */;
			productType = "com.apple.product-type.application";
		};
/* End PBXNativeTarget section */

/* Begin PBXProject section */
		14A7A5A11F1A5198009CE0FE /* Project object */ = {
			isa = PBXProject;
			attributes = {
				LastUpgradeCheck = 0830;
				ORGANIZATIONNAME = joel_1;
				TargetAttributes = {
					14A7A5A81F1A5198009CE0FE = {
						CreatedOnToolsVersion = 8.3.3;
						ProvisioningStyle = Automatic;
					};
				};
			};
			buildConfigurationList = 14A7A5A41F1A5198009CE0FE /* Build configuration list for PBXProject "login" */;
			compatibilityVersion = "Xcode 3.2";
			developmentRegion = English;
			hasScannedForEncodings = 0;
			knownRegions = (
				en,
				Base,
			);
			mainGroup = 14A7A5A01F1A5198009CE0FE;
			productRefGroup = 14A7A5AA1F1A5198009CE0FE /* Products */;
			projectDirPath = "";
			projectRoot = "";
			targets = (
				14A7A5A81F1A5198009CE0FE /* login */,
			);
		};
/* End PBXProject section */

/* Begin PBXResourcesBuildPhase section */
		14A7A5A71F1A5198009CE0FE /* Resources */ = {
			isa = PBXResourcesBuildPhase;
			buildActionMask = 2147483647;
			files = (
				14A7A5BC1F1A5198009CE0FE /* LaunchScreen.storyboard in Resources */,
				14A7A5B91F1A5198009CE0FE /* Assets.xcassets in Resources */,
				14A7A5B71F1A5198009CE0FE /* Main.storyboard in Resources */,
			);
			runOnlyForDeploymentPostprocessing = 0;
		};
/* End PBXResourcesBuildPhase section */

/* Begin PBXSourcesBuildPhase section */
		14A7A5A51F1A5198009CE0FE /* Sources */ = {
			isa = PBXSourcesBuildPhase;
			buildActionMask = 2147483647;
			files = (
				14A7A5B41F1A5198009CE0FE /* ViewController.m in Sources */,
				14A7A5B11F1A5198009CE0FE /* AppDelegate.m in Sources */,
				14A7A5AE1F1A5198009CE0FE /* main.m in Sources */,
			);
			runOnlyForDeploymentPostprocessing = 0;
		};
/* End PBXSourcesBuildPhase section */

/* Begin PBXVariantGroup section */
		14A7A5B51F1A5198009CE0FE /* Main.storyboard */ = {
			isa = PBXVariantGroup;
			children = (
				14A7A5B61F1A5198009CE0FE /* Base */,
			);
			name = Main.storyboard;
			sourceTree = "<group>";
		};
		14A7A5BA1F1A5198009CE0FE /* LaunchScreen.storyboard */ = {
			isa = PBXVariantGroup;
			children = (
				14A7A5BB1F1A5198009CE0FE /* Base */,
			);
			name = LaunchScreen.storyboard;
			sourceTree = "<group>";
		};
/* End PBXVariantGroup section */

/* Begin XCBuildConfiguration section */
		14A7A5BE1F1A5198009CE0FE /* Debug */ = {
			isa = XCBuildConfiguration;
			buildSettings = {
				ALWAYS_SEARCH_USER_PATHS = NO;
				CLANG_ANALYZER_NONNULL = YES;
				CLANG_ANALYZER_NUMBER_OBJECT_CONVERSION = YES_AGGRESSIVE;
				CLANG_CXX_LANGUAGE_STANDARD = "gnu++0x";
				CLANG_CXX_LIBRARY = "libc++";
				CLANG_ENABLE_MODULES = YES;
				CLANG_ENABLE_OBJC_ARC = YES;
				CLANG_WARN_BOOL_CONVERSION = YES;
				CLANG_WARN_CONSTANT_CONVERSION = YES;
				CLANG_WARN_DIRECT_OBJC_ISA_USAGE = YES_ERROR;
				CLANG_WARN_DOCUMENTATION_COMMENTS = YES;
				CLANG_WARN_EMPTY_BODY = YES;
				CLANG_WARN_ENUM_CONVERSION = YES;
				CLANG_WARN_INFINITE_RECURSION = YES;
				CLANG_WARN_INT_CONVERSION = YES;
				CLANG_WARN_OBJC_ROOT_CLASS = YES_ERROR;
				CLANG_WARN_SUSPICIOUS_MOVE = YES;
				CLANG_WARN_UNREACHABLE_CODE = YES;
				CLANG_WARN__DUPLICATE_METHOD_MATCH = YES;
				"CODE_SIGN_IDENTITY[sdk=iphoneos*]" = "iPhone Developer";
				COPY_PHASE_STRIP = NO;
				DEBUG_INFORMATION_FORMAT = dwarf;
				ENABLE_STRICT_OBJC_MSGSEND = YES;
				ENABLE_TESTABILITY = YES;
				GCC_C_LANGUAGE_STANDARD = gnu99;
				GCC_DYNAMIC_NO_PIC = NO;
				GCC_NO_COMMON_BLOCKS = YES;
				GCC_OPTIMIZATION_LEVEL = 0;
				GCC_PREPROCESSOR_DEFINITIONS = (
					"DEBUG=1",
					"$(inherited)",
				);
				GCC_WARN_64_TO_32_BIT_CONVERSION = YES;
				GCC_WARN_ABOUT_RETURN_TYPE = YES_ERROR;
				GCC_WARN_UNDECLARED_SELECTOR = YES;
				GCC_WARN_UNINITIALIZED_AUTOS = YES_AGGRESSIVE;
				GCC_WARN_UNUSED_FUNCTION = YES;
				GCC_WARN_UNUSED_VARIABLE = YES;
				IPHONEOS_DEPLOYMENT_TARGET = 10.3;
				MTL_ENABLE_DEBUG_INFO = YES;
				ONLY_ACTIVE_ARCH = YES;
				SDKROOT = iphoneos;
			};
			name = Debug;
		};
		14A7A5BF1F1A5198009CE0FE /* Release */ = {
			isa = XCBuildConfiguration;
			buildSettings = {
				ALWAYS_SEARCH_USER_PATHS = NO;
				CLANG_ANALYZER_NONNULL = YES;
				CLANG_ANALYZER_NUMBER_OBJECT_CONVERSION = YES_AGGRESSIVE;
				CLANG_CXX_LANGUAGE_STANDARD = "gnu++0x";
				CLANG_CXX_LIBRARY = "libc++";
				CLANG_ENABLE_MODULES = YES;
				CLANG_ENABLE_OBJC_ARC = YES;
				CLANG_WARN_BOOL_CONVERSION = YES;
				CLANG_WARN_CONSTANT_CONVERSION = YES;
				CLANG_WARN_DIRECT_OBJC_ISA_USAGE = YES_ERROR;
				CLANG_WARN_DOCUMENTATION_COMMENTS = YES;
				CLANG_WARN_EMPTY_BODY = YES;
				CLANG_WARN_ENUM_CONVERSION = YES;
				CLANG_WARN_INFINITE_RECURSION = YES;
				CLANG_WARN_INT_CONVERSION = YES;
				CLANG_WARN_OBJC_ROOT_CLASS = YES_ERROR;
				CLANG_WARN_SUSPICIOUS_MOVE = YES;
				CLANG_WARN_UNREACHABLE_CODE = YES;
				CLANG_WARN__DUPLICATE_METHOD_MATCH = YES;
				"CODE_SIGN_IDENTITY[sdk=iphoneos*]" = "iPhone Developer";
				COPY_PHASE_STRIP = NO;
				DEBUG_INFORMATION_FORMAT = "dwarf-with-dsym";
				ENABLE_NS_ASSERTIONS = NO;
				ENABLE_STRICT_OBJC_MSGSEND = YES;
				GCC_C_LANGUAGE_STANDARD = gnu99;
				GCC_NO_COMMON_BLOCKS = YES;
				GCC_WARN_64_TO_32_BIT_CONVERSION = YES;
				GCC_WARN_ABOUT_RETURN_TYPE = YES_ERROR;
				GCC_WARN_UNDECLARED_SELECTOR = YES;
				GCC_WARN_UNINITIALIZED_AUTOS = YES_AGGRESSIVE;
				GCC_WARN_UNUSED_FUNCTION = YES;
				GCC_WARN_UNUSED_VARIABLE = YES;
				IPHONEOS_DEPLOYMENT_TARGET = 10.3;
				MTL_ENABLE_DEBUG_INFO = NO;
				SDKROOT = iphoneos;
				VALIDATE_PRODUCT = YES;
			};
			name = Release;
		};
		14A7A5C11F1A5198009CE0FE /* Debug */ = {
			isa = XCBuildConfiguration;
			buildSettings = {
				ASSETCATALOG_COMPILER_APPICON_NAME = AppIcon;
				INFOPLIST_FILE = login/Info.plist;
				LD_RUNPATH_SEARCH_PATHS = "$(inherited) @executable_path/Frameworks";
				PRODUCT_BUNDLE_IDENTIFIER = joel.login;
				PRODUCT_NAME = "$(TARGET_NAME)";
			};
			name = Debug;
		};
		14A7A5C21F1A5198009CE0FE /* Release */ = {
			isa = XCBuildConfiguration;
			buildSettings = {
				ASSETCATALOG_COMPILER_APPICON_NAME = AppIcon;
				INFOPLIST_FILE = login/Info.plist;
				LD_RUNPATH_SEARCH_PATHS = "$(inherited) @executable_path/Frameworks";
				PRODUCT_BUNDLE_IDENTIFIER = joel.login;
				PRODUCT_NAME = "$(TARGET_NAME)";
			};
			name = Release;
		};
/* End XCBuildConfiguration section */

/* Begin XCConfigurationList section */
		14A7A5A41F1A5198009CE0FE /* Build configuration list for PBXProject "login" */ = {
			isa = XCConfigurationList;
			buildConfigurations = (
				14A7A5BE1F1A5198009CE0FE /* Debug */,
				14A7A5BF1F1A5198009CE0FE /* Release */,
			);
			defaultConfigurationIsVisible = 0;
			defaultConfigurationName = Release;
		};
		14A7A5C01F1A5198009CE0FE /* Build configuration list for PBXNativeTarget "login" */ = {
			isa = XCConfigurationList;
			buildConfigurations = (
				14A7A5C11F1A5198009CE0FE /* Debug */,
				14A7A5C21F1A5198009CE0FE /* Release */,
			);
			defaultConfigurationIsVisible = 0;
		};
/* End XCConfigurationList section */
	};
	rootObject = 14A7A5A11F1A5198009CE0FE /* Project object */;
}
