// !$*UTF8*$!
{
	archiveVersion = 1;
	classes = {
	};
	objectVersion = 46;
	objects = {

/* Begin PBXBuildFile section */
		14A7A69D1F1B613E009CE0FE /* main.m in Sources */ = {isa = PBXBuildFile; fileRef = 14A7A69C1F1B613E009CE0FE /* main.m */; };
		14A7A6A01F1B613E009CE0FE /* AppDelegate.m in Sources */ = {isa = PBXBuildFile; fileRef = 14A7A69F1F1B613E009CE0FE /* AppDelegate.m */; };
		14A7A6A31F1B613E009CE0FE /* RootViewController.m in Sources */ = {isa = PBXBuildFile; fileRef = 14A7A6A21F1B613E009CE0FE /* RootViewController.m */; };
		14A7A6A61F1B613E009CE0FE /* DataViewController.m in Sources */ = {isa = PBXBuildFile; fileRef = 14A7A6A51F1B613E009CE0FE /* DataViewController.m */; };
		14A7A6A91F1B613E009CE0FE /* ModelController.m in Sources */ = {isa = PBXBuildFile; fileRef = 14A7A6A81F1B613E009CE0FE /* ModelController.m */; };
		14A7A6AC1F1B613E009CE0FE /* Main.storyboard in Resources */ = {isa = PBXBuildFile; fileRef = 14A7A6AA1F1B613E009CE0FE /* Main.storyboard */; };
		14A7A6AE1F1B613E009CE0FE /* Assets.xcassets in Resources */ = {isa = PBXBuildFile; fileRef = 14A7A6AD1F1B613E009CE0FE /* Assets.xcassets */; };
		14A7A6B11F1B613E009CE0FE /* LaunchScreen.storyboard in Resources */ = {isa = PBXBuildFile; fileRef = 14A7A6AF1F1B613E009CE0FE /* LaunchScreen.storyboard */; };
/* End PBXBuildFile section */

/* Begin PBXFileReference section */
		14A7A6981F1B613E009CE0FE /* aaa.app */ = {isa = PBXFileReference; explicitFileType = wrapper.application; includeInIndex = 0; path = aaa.app; sourceTree = BUILT_PRODUCTS_DIR; };
		14A7A69C1F1B613E009CE0FE /* main.m */ = {isa = PBXFileReference; lastKnownFileType = sourcecode.c.objc; path = main.m; sourceTree = "<group>"; };
		14A7A69E1F1B613E009CE0FE /* AppDelegate.h */ = {isa = PBXFileReference; lastKnownFileType = sourcecode.c.h; path = AppDelegate.h; sourceTree = "<group>"; };
		14A7A69F1F1B613E009CE0FE /* AppDelegate.m */ = {isa = PBXFileReference; lastKnownFileType = sourcecode.c.objc; path = AppDelegate.m; sourceTree = "<group>"; };
		14A7A6A11F1B613E009CE0FE /* RootViewController.h */ = {isa = PBXFileReference; lastKnownFileType = sourcecode.c.h; path = RootViewController.h; sourceTree = "<group>"; };
		14A7A6A21F1B613E009CE0FE /* RootViewController.m */ = {isa = PBXFileReference; lastKnownFileType = sourcecode.c.objc; path = RootViewController.m; sourceTree = "<group>"; };
		14A7A6A41F1B613E009CE0FE /* DataViewController.h */ = {isa = PBXFileReference; lastKnownFileType = sourcecode.c.h; path = DataViewController.h; sourceTree = "<group>"; };
		14A7A6A51F1B613E009CE0FE /* DataViewController.m */ = {isa = PBXFileReference; lastKnownFileType = sourcecode.c.objc; path = DataViewController.m; sourceTree = "<group>"; };
		14A7A6A71F1B613E009CE0FE /* ModelController.h */ = {isa = PBXFileReference; lastKnownFileType = sourcecode.c.h; path = ModelController.h; sourceTree = "<group>"; };
		14A7A6A81F1B613E009CE0FE /* ModelController.m */ = {isa = PBXFileReference; lastKnownFileType = sourcecode.c.objc; path = ModelController.m; sourceTree = "<group>"; };
		14A7A6AB1F1B613E009CE0FE /* Base */ = {isa = PBXFileReference; lastKnownFileType = file.storyboard; name = Base; path = Base.lproj/Main.storyboard; sourceTree = "<group>"; };
		14A7A6AD1F1B613E009CE0FE /* Assets.xcassets */ = {isa = PBXFileReference; lastKnownFileType = folder.assetcatalog; path = Assets.xcassets; sourceTree = "<group>"; };
		14A7A6B01F1B613E009CE0FE /* Base */ = {isa = PBXFileReference; lastKnownFileType = file.storyboard; name = Base; path = Base.lproj/LaunchScreen.storyboard; sourceTree = "<group>"; };
		14A7A6B21F1B613E009CE0FE /* Info.plist */ = {isa = PBXFileReference; lastKnownFileType = text.plist.xml; path = Info.plist; sourceTree = "<group>"; };
/* End PBXFileReference section */

/* Begin PBXFrameworksBuildPhase section */
		14A7A6951F1B613E009CE0FE /* Frameworks */ = {
			isa = PBXFrameworksBuildPhase;
			buildActionMask = 2147483647;
			files = (
			);
			runOnlyForDeploymentPostprocessing = 0;
		};
/* End PBXFrameworksBuildPhase section */

/* Begin PBXGroup section */
		14A7A68F1F1B613E009CE0FE = {
			isa = PBXGroup;
			children = (
				14A7A69A1F1B613E009CE0FE /* aaa */,
				14A7A6991F1B613E009CE0FE /* Products */,
			);
			sourceTree = "<group>";
		};
		14A7A6991F1B613E009CE0FE /* Products */ = {
			isa = PBXGroup;
			children = (
				14A7A6981F1B613E009CE0FE /* aaa.app */,
			);
			name = Products;
			sourceTree = "<group>";
		};
		14A7A69A1F1B613E009CE0FE /* aaa */ = {
			isa = PBXGroup;
			children = (
				14A7A69E1F1B613E009CE0FE /* AppDelegate.h */,
				14A7A69F1F1B613E009CE0FE /* AppDelegate.m */,
				14A7A6A11F1B613E009CE0FE /* RootViewController.h */,
				14A7A6A21F1B613E009CE0FE /* RootViewController.m */,
				14A7A6A41F1B613E009CE0FE /* DataViewController.h */,
				14A7A6A51F1B613E009CE0FE /* DataViewController.m */,
				14A7A6A71F1B613E009CE0FE /* ModelController.h */,
				14A7A6A81F1B613E009CE0FE /* ModelController.m */,
				14A7A6AA1F1B613E009CE0FE /* Main.storyboard */,
				14A7A6AD1F1B613E009CE0FE /* Assets.xcassets */,
				14A7A6AF1F1B613E009CE0FE /* LaunchScreen.storyboard */,
				14A7A6B21F1B613E009CE0FE /* Info.plist */,
				14A7A69B1F1B613E009CE0FE /* Supporting Files */,
			);
			path = aaa;
			sourceTree = "<group>";
		};
		14A7A69B1F1B613E009CE0FE /* Supporting Files */ = {
			isa = PBXGroup;
			children = (
				14A7A69C1F1B613E009CE0FE /* main.m */,
			);
			name = "Supporting Files";
			sourceTree = "<group>";
		};
/* End PBXGroup section */

/* Begin PBXNativeTarget section */
		14A7A6971F1B613E009CE0FE /* aaa */ = {
			isa = PBXNativeTarget;
			buildConfigurationList = 14A7A6B51F1B613E009CE0FE /* Build configuration list for PBXNativeTarget "aaa" */;
			buildPhases = (
				14A7A6941F1B613E009CE0FE /* Sources */,
				14A7A6951F1B613E009CE0FE /* Frameworks */,
				14A7A6961F1B613E009CE0FE /* Resources */,
			);
			buildRules = (
			);
			dependencies = (
			);
			name = aaa;
			productName = aaa;
			productReference = 14A7A6981F1B613E009CE0FE /* aaa.app */;
			productType = "com.apple.product-type.application";
		};
/* End PBXNativeTarget section */

/* Begin PBXProject section */
		14A7A6901F1B613E009CE0FE /* Project object */ = {
			isa = PBXProject;
			attributes = {
				LastUpgradeCheck = 0830;
				ORGANIZATIONNAME = joel_1;
				TargetAttributes = {
					14A7A6971F1B613E009CE0FE = {
						CreatedOnToolsVersion = 8.3.3;
						ProvisioningStyle = Automatic;
					};
				};
			};
			buildConfigurationList = 14A7A6931F1B613E009CE0FE /* Build configuration list for PBXProject "aaa" */;
			compatibilityVersion = "Xcode 3.2";
			developmentRegion = English;
			hasScannedForEncodings = 0;
			knownRegions = (
				en,
				Base,
			);
			mainGroup = 14A7A68F1F1B613E009CE0FE;
			productRefGroup = 14A7A6991F1B613E009CE0FE /* Products */;
			projectDirPath = "";
			projectRoot = "";
			targets = (
				14A7A6971F1B613E009CE0FE /* aaa */,
			);
		};
/* End PBXProject section */

/* Begin PBXResourcesBuildPhase section */
		14A7A6961F1B613E009CE0FE /* Resources */ = {
			isa = PBXResourcesBuildPhase;
			buildActionMask = 2147483647;
			files = (
				14A7A6B11F1B613E009CE0FE /* LaunchScreen.storyboard in Resources */,
				14A7A6AE1F1B613E009CE0FE /* Assets.xcassets in Resources */,
				14A7A6AC1F1B613E009CE0FE /* Main.storyboard in Resources */,
			);
			runOnlyForDeploymentPostprocessing = 0;
		};
/* End PBXResourcesBuildPhase section */

/* Begin PBXSourcesBuildPhase section */
		14A7A6941F1B613E009CE0FE /* Sources */ = {
			isa = PBXSourcesBuildPhase;
			buildActionMask = 2147483647;
			files = (
				14A7A6A61F1B613E009CE0FE /* DataViewController.m in Sources */,
				14A7A6A01F1B613E009CE0FE /* AppDelegate.m in Sources */,
				14A7A6A91F1B613E009CE0FE /* ModelController.m in Sources */,
				14A7A69D1F1B613E009CE0FE /* main.m in Sources */,
				14A7A6A31F1B613E009CE0FE /* RootViewController.m in Sources */,
			);
			runOnlyForDeploymentPostprocessing = 0;
		};
/* End PBXSourcesBuildPhase section */

/* Begin PBXVariantGroup section */
		14A7A6AA1F1B613E009CE0FE /* Main.storyboard */ = {
			isa = PBXVariantGroup;
			children = (
				14A7A6AB1F1B613E009CE0FE /* Base */,
			);
			name = Main.storyboard;
			sourceTree = "<group>";
		};
		14A7A6AF1F1B613E009CE0FE /* LaunchScreen.storyboard */ = {
			isa = PBXVariantGroup;
			children = (
				14A7A6B01F1B613E009CE0FE /* Base */,
			);
			name = LaunchScreen.storyboard;
			sourceTree = "<group>";
		};
/* End PBXVariantGroup section */

/* Begin XCBuildConfiguration section */
		14A7A6B31F1B613E009CE0FE /* Debug */ = {
			isa = XCBuildConfiguration;
			buildSettings = {
				ALWAYS_SEARCH_USER_PATHS = NO;
				CLANG_ANALYZER_NONNULL = YES;
				CLANG_ANALYZER_NUMBER_OBJECT_CONVERSION = YES_AGGRESSIVE;
				CLANG_CXX_LANGUAGE_STANDARD = "gnu++0x";
				CLANG_CXX_LIBRARY = "libc++";
				CLANG_ENABLE_MODULES = YES;
				CLANG_ENABLE_OBJC_ARC = YES;
				CLANG_WARN_BOOL_CONVERSION = YES;
				CLANG_WARN_CONSTANT_CONVERSION = YES;
				CLANG_WARN_DIRECT_OBJC_ISA_USAGE = YES_ERROR;
				CLANG_WARN_DOCUMENTATION_COMMENTS = YES;
				CLANG_WARN_EMPTY_BODY = YES;
				CLANG_WARN_ENUM_CONVERSION = YES;
				CLANG_WARN_INFINITE_RECURSION = YES;
				CLANG_WARN_INT_CONVERSION = YES;
				CLANG_WARN_OBJC_ROOT_CLASS = YES_ERROR;
				CLANG_WARN_SUSPICIOUS_MOVE = YES;
				CLANG_WARN_UNREACHABLE_CODE = YES;
				CLANG_WARN__DUPLICATE_METHOD_MATCH = YES;
				"CODE_SIGN_IDENTITY[sdk=iphoneos*]" = "iPhone Developer";
				COPY_PHASE_STRIP = NO;
				DEBUG_INFORMATION_FORMAT = dwarf;
				ENABLE_STRICT_OBJC_MSGSEND = YES;
				ENABLE_TESTABILITY = YES;
				GCC_C_LANGUAGE_STANDARD = gnu99;
				GCC_DYNAMIC_NO_PIC = NO;
				GCC_NO_COMMON_BLOCKS = YES;
				GCC_OPTIMIZATION_LEVEL = 0;
				GCC_PREPROCESSOR_DEFINITIONS = (
					"DEBUG=1",
					"$(inherited)",
				);
				GCC_WARN_64_TO_32_BIT_CONVERSION = YES;
				GCC_WARN_ABOUT_RETURN_TYPE = YES_ERROR;
				GCC_WARN_UNDECLARED_SELECTOR = YES;
				GCC_WARN_UNINITIALIZED_AUTOS = YES_AGGRESSIVE;
				GCC_WARN_UNUSED_FUNCTION = YES;
				GCC_WARN_UNUSED_VARIABLE = YES;
				IPHONEOS_DEPLOYMENT_TARGET = 10.3;
				MTL_ENABLE_DEBUG_INFO = YES;
				ONLY_ACTIVE_ARCH = YES;
				SDKROOT = iphoneos;
			};
			name = Debug;
		};
		14A7A6B41F1B613E009CE0FE /* Release */ = {
			isa = XCBuildConfiguration;
			buildSettings = {
				ALWAYS_SEARCH_USER_PATHS = NO;
				CLANG_ANALYZER_NONNULL = YES;
				CLANG_ANALYZER_NUMBER_OBJECT_CONVERSION = YES_AGGRESSIVE;
				CLANG_CXX_LANGUAGE_STANDARD = "gnu++0x";
				CLANG_CXX_LIBRARY = "libc++";
				CLANG_ENABLE_MODULES = YES;
				CLANG_ENABLE_OBJC_ARC = YES;
				CLANG_WARN_BOOL_CONVERSION = YES;
				CLANG_WARN_CONSTANT_CONVERSION = YES;
				CLANG_WARN_DIRECT_OBJC_ISA_USAGE = YES_ERROR;
				CLANG_WARN_DOCUMENTATION_COMMENTS = YES;
				CLANG_WARN_EMPTY_BODY = YES;
				CLANG_WARN_ENUM_CONVERSION = YES;
				CLANG_WARN_INFINITE_RECURSION = YES;
				CLANG_WARN_INT_CONVERSION = YES;
				CLANG_WARN_OBJC_ROOT_CLASS = YES_ERROR;
				CLANG_WARN_SUSPICIOUS_MOVE = YES;
				CLANG_WARN_UNREACHABLE_CODE = YES;
				CLANG_WARN__DUPLICATE_METHOD_MATCH = YES;
				"CODE_SIGN_IDENTITY[sdk=iphoneos*]" = "iPhone Developer";
				COPY_PHASE_STRIP = NO;
				DEBUG_INFORMATION_FORMAT = "dwarf-with-dsym";
				ENABLE_NS_ASSERTIONS = NO;
				ENABLE_STRICT_OBJC_MSGSEND = YES;
				GCC_C_LANGUAGE_STANDARD = gnu99;
				GCC_NO_COMMON_BLOCKS = YES;
				GCC_WARN_64_TO_32_BIT_CONVERSION = YES;
				GCC_WARN_ABOUT_RETURN_TYPE = YES_ERROR;
				GCC_WARN_UNDECLARED_SELECTOR = YES;
				GCC_WARN_UNINITIALIZED_AUTOS = YES_AGGRESSIVE;
				GCC_WARN_UNUSED_FUNCTION = YES;
				GCC_WARN_UNUSED_VARIABLE = YES;
				IPHONEOS_DEPLOYMENT_TARGET = 10.3;
				MTL_ENABLE_DEBUG_INFO = NO;
				SDKROOT = iphoneos;
				VALIDATE_PRODUCT = YES;
			};
			name = Release;
		};
		14A7A6B61F1B613E009CE0FE /* Debug */ = {
			isa = XCBuildConfiguration;
			buildSettings = {
				ASSETCATALOG_COMPILER_APPICON_NAME = AppIcon;
				INFOPLIST_FILE = aaa/Info.plist;
				LD_RUNPATH_SEARCH_PATHS = "$(inherited) @executable_path/Frameworks";
				PRODUCT_BUNDLE_IDENTIFIER = joel.aaa;
				PRODUCT_NAME = "$(TARGET_NAME)";
			};
			name = Debug;
		};
		14A7A6B71F1B613E009CE0FE /* Release */ = {
			isa = XCBuildConfiguration;
			buildSettings = {
				ASSETCATALOG_COMPILER_APPICON_NAME = AppIcon;
				INFOPLIST_FILE = aaa/Info.plist;
				LD_RUNPATH_SEARCH_PATHS = "$(inherited) @executable_path/Frameworks";
				PRODUCT_BUNDLE_IDENTIFIER = joel.aaa;
				PRODUCT_NAME = "$(TARGET_NAME)";
			};
			name = Release;
		};
/* End XCBuildConfiguration section */

/* Begin XCConfigurationList section */
		14A7A6931F1B613E009CE0FE /* Build configuration list for PBXProject "aaa" */ = {
			isa = XCConfigurationList;
			buildConfigurations = (
				14A7A6B31F1B613E009CE0FE /* Debug */,
				14A7A6B41F1B613E009CE0FE /* Release */,
			);
			defaultConfigurationIsVisible = 0;
			defaultConfigurationName = Release;
		};
		14A7A6B51F1B613E009CE0FE /* Build configuration list for PBXNativeTarget "aaa" */ = {
			isa = XCConfigurationList;
			buildConfigurations = (
				14A7A6B61F1B613E009CE0FE /* Debug */,
				14A7A6B71F1B613E009CE0FE /* Release */,
			);
			defaultConfigurationIsVisible = 0;
		};
/* End XCConfigurationList section */
	};
	rootObject = 14A7A6901F1B613E009CE0FE /* Project object */;
}
